Microsoft Visual Studio Solution File, Format Version 12.00
# Visual Studio Version 17
VisualStudioVersion = 17.0.31903.59
MinimumVisualStudioVersion = 10.0.40219.1
Project("{FAE04EC0-301F-11D3-BF4B-00C04F79EFBC}") = "IsTakip.Domain", "src\IsTakip.Domain\IsTakip.Domain.csproj", "{55D86D6A-8F3D-42DE-ABDA-D6255128C783}"
EndProject
Project("{FAE04EC0-301F-11D3-BF4B-00C04F79EFBC}") = "IsTakip.Application", "src\IsTakip.Application\IsTakip.Application.csproj", "{AA804EA7-B65C-4DFB-B525-F076F497DC02}"
EndProject
Project("{FAE04EC0-301F-11D3-BF4B-00C04F79EFBC}") = "IsTakip.Infrastructure", "src\IsTakip.Infrastructure\IsTakip.Infrastructure.csproj", "{4F74F45D-6764-4982-B4FB-70953C267ABC}"
EndProject
Project("{FAE04EC0-301F-11D3-BF4B-00C04F79EFBC}") = "IsTakip.Web", "src\IsTakip.Web\IsTakip.Web.csproj", "{2912AAAB-A32D-4421-994D-AA7F26EBEB5F}"
EndProject
Global
	GlobalSection(SolutionConfigurationPlatforms) = preSolution
		Debug|Any CPU = Debug|Any CPU
		Release|Any CPU = Release|Any CPU
	EndGlobalSection
	GlobalSection(ProjectConfigurationPlatforms) = postSolution
		{55D86D6A-8F3D-42DE-ABDA-D6255128C783}.Debug|Any CPU.ActiveCfg = Debug|Any CPU
		{55D86D6A-8F3D-42DE-ABDA-D6255128C783}.Debug|Any CPU.Build.0 = Debug|Any CPU
		{55D86D6A-8F3D-42DE-ABDA-D6255128C783}.Release|Any CPU.ActiveCfg = Release|Any CPU
		{55D86D6A-8F3D-42DE-ABDA-D6255128C783}.Release|Any CPU.Build.0 = Release|Any CPU
		{AA804EA7-B65C-4DFB-B525-F076F497DC02}.Debug|Any CPU.ActiveCfg = Debug|Any CPU
		{AA804EA7-B65C-4DFB-B525-F076F497DC02}.Debug|Any CPU.Build.0 = Debug|Any CPU
		{AA804EA7-B65C-4DFB-B525-F076F497DC02}.Release|Any CPU.ActiveCfg = Release|Any CPU
		{AA804EA7-B65C-4DFB-B525-F076F497DC02}.Release|Any CPU.Build.0 = Release|Any CPU
		{4F74F45D-6764-4982-B4FB-70953C267ABC}.Debug|Any CPU.ActiveCfg = Debug|Any CPU
		{4F74F45D-6764-4982-B4FB-70953C267ABC}.Debug|Any CPU.Build.0 = Debug|Any CPU
		{4F74F45D-6764-4982-B4FB-70953C267ABC}.Release|Any CPU.ActiveCfg = Release|Any CPU
		{4F74F45D-6764-4982-B4FB-70953C267ABC}.Release|Any CPU.Build.0 = Release|Any CPU
		{2912AAAB-A32D-4421-994D-AA7F26EBEB5F}.Debug|Any CPU.ActiveCfg = Debug|Any CPU
		{2912AAAB-A32D-4421-994D-AA7F26EBEB5F}.Debug|Any CPU.Build.0 = Debug|Any CPU
		{2912AAAB-A32D-4421-994D-AA7F26EBEB5F}.Release|Any CPU.ActiveCfg = Release|Any CPU
		{2912AAAB-A32D-4421-994D-AA7F26EBEB5F}.Release|Any CPU.Build.0 = Release|Any CPU
	EndGlobalSection
	GlobalSection(SolutionProperties) = preSolution
		HideSolutionNode = FALSE
	EndGlobalSection
EndGlobal
